
Microsoft Visual Studio Solution File, Format Version 12.00
# Visual Studio Version 17
VisualStudioVersion = 17.8.34330.188
MinimumVisualStudioVersion = 10.0.40219.1
Project("{9A19103F-16F7-4668-BE54-9A1E7A4F7556}") = "Interpreter", "Interpreter\Interpreter.csproj", "{12982A90-54F4-4681-8348-CA8EF286C92A}"
EndProject
Project("{2150E333-8FDC-42A3-9474-1A3956D46DE8}") = "Solution Items", "Solution Items", "{983D2F8B-1AAD-4438-A292-1CBCAEA21464}"
	ProjectSection(SolutionItems) = preProject
		.editorconfig = .editorconfig
		..\.gitignore = ..\.gitignore
		..\LICENSE = ..\LICENSE
		..\README.md = ..\README.md
	EndProjectSection
EndProject
Project("{FAE04EC0-301F-11D3-BF4B-00C04F79EFBC}") = "Interpreter.Tests", "Interpreter.Tests\Interpreter.Tests.csproj", "{C38006D3-0421-4381-B04B-A345F74CFBE8}"
EndProject
Global
	GlobalSection(SolutionConfigurationPlatforms) = preSolution
		Debug|Any CPU = Debug|Any CPU
		Release|Any CPU = Release|Any CPU
	EndGlobalSection
	GlobalSection(ProjectConfigurationPlatforms) = postSolution
		{12982A90-54F4-4681-8348-CA8EF286C92A}.Debug|Any CPU.ActiveCfg = Debug|Any CPU
		{12982A90-54F4-4681-8348-CA8EF286C92A}.Debug|Any CPU.Build.0 = Debug|Any CPU
		{12982A90-54F4-4681-8348-CA8EF286C92A}.Release|Any CPU.ActiveCfg = Release|Any CPU
		{12982A90-54F4-4681-8348-CA8EF286C92A}.Release|Any CPU.Build.0 = Release|Any CPU
		{C38006D3-0421-4381-B04B-A345F74CFBE8}.Debug|Any CPU.ActiveCfg = Debug|Any CPU
		{C38006D3-0421-4381-B04B-A345F74CFBE8}.Debug|Any CPU.Build.0 = Debug|Any CPU
		{C38006D3-0421-4381-B04B-A345F74CFBE8}.Release|Any CPU.ActiveCfg = Release|Any CPU
		{C38006D3-0421-4381-B04B-A345F74CFBE8}.Release|Any CPU.Build.0 = Release|Any CPU
	EndGlobalSection
	GlobalSection(SolutionProperties) = preSolution
		HideSolutionNode = FALSE
	EndGlobalSection
	GlobalSection(ExtensibilityGlobals) = postSolution
		SolutionGuid = {196327E5-303B-4718-898F-D01B2AEFEBDC}
	EndGlobalSection
EndGlobal
