
Microsoft Visual Studio Solution File, Format Version 12.00
# Visual Studio Version 17
VisualStudioVersion = 17.8.34330.188
MinimumVisualStudioVersion = 10.0.40219.1
Project("{2150E333-8FDC-42A3-9474-1A3956D46DE8}") = "Solution Items", "Solution Items", "{983D2F8B-1AAD-4438-A292-1CBCAEA21464}"
	ProjectSection(SolutionItems) = preProject
		.editorconfig = .editorconfig
		..\.gitignore = ..\.gitignore
		..\LICENSE = ..\LICENSE
		..\README.md = ..\README.md
	EndProjectSection
EndProject
Project("{2150E333-8FDC-42A3-9474-1A3956D46DE8}") = "LexicalAnalysis", "LexicalAnalysis", "{E1377C0B-80A2-4FAE-8591-DE4968AB0F82}"
EndProject
Project("{9A19103F-16F7-4668-BE54-9A1E7A4F7556}") = "Luthor", "Luthor\Luthor.csproj", "{56ABBFF1-449B-4926-9439-A3CAD77AB0EF}"
EndProject
Project("{9A19103F-16F7-4668-BE54-9A1E7A4F7556}") = "Luthor.Tests", "Luthor.Tests\Luthor.Tests.csproj", "{05B2FE2A-EFEC-43FA-9473-6CE30EEC7F9C}"
EndProject
Project("{2150E333-8FDC-42A3-9474-1A3956D46DE8}") = "Math", "Math", "{659CC3DB-B3CE-44D0-A523-2C39CB2B4F2A}"
EndProject
Project("{9A19103F-16F7-4668-BE54-9A1E7A4F7556}") = "Math.Parser.Tests", "Math.Parser.Tests\Math.Parser.Tests.csproj", "{1BC97D52-8085-4BA6-8A0E-C80920DF0756}"
EndProject
Project("{9A19103F-16F7-4668-BE54-9A1E7A4F7556}") = "Math.Parser", "Math.Parser\Math.Parser.csproj", "{0D1501A7-7793-43BC-93AA-3D3B80560EAF}"
EndProject
Project("{9A19103F-16F7-4668-BE54-9A1E7A4F7556}") = "Math.REPL", "Math\Math.REPL.csproj", "{2E93812F-6A97-467E-AF0D-E000EB7599E8}"
EndProject
Project("{2150E333-8FDC-42A3-9474-1A3956D46DE8}") = "Predicate", "Predicate", "{0D96B9E0-4F48-4FEE-A4C6-262D72E16FB1}"
EndProject
Project("{FAE04EC0-301F-11D3-BF4B-00C04F79EFBC}") = "Predicate.Parser", "Predicate.Parser\Predicate.Parser.csproj", "{FB648139-8B30-4EAD-8B24-6C426F6384C5}"
EndProject
Project("{FAE04EC0-301F-11D3-BF4B-00C04F79EFBC}") = "Predicate.Parser.Tests", "Predicate.Parser.Tests\Predicate.Parser.Tests.csproj", "{69A33B78-5FBC-4143-A2CE-AB01550B03CE}"
EndProject
Project("{FAE04EC0-301F-11D3-BF4B-00C04F79EFBC}") = "Predicate.REPL", "Predicate.REPL\Predicate.REPL.csproj", "{93394F3E-613F-4EEA-8EAF-1FED180B7D56}"
EndProject
Global
	GlobalSection(SolutionConfigurationPlatforms) = preSolution
		Debug|Any CPU = Debug|Any CPU
		Release|Any CPU = Release|Any CPU
	EndGlobalSection
	GlobalSection(ProjectConfigurationPlatforms) = postSolution
		{56ABBFF1-449B-4926-9439-A3CAD77AB0EF}.Debug|Any CPU.ActiveCfg = Debug|Any CPU
		{56ABBFF1-449B-4926-9439-A3CAD77AB0EF}.Debug|Any CPU.Build.0 = Debug|Any CPU
		{56ABBFF1-449B-4926-9439-A3CAD77AB0EF}.Release|Any CPU.ActiveCfg = Release|Any CPU
		{56ABBFF1-449B-4926-9439-A3CAD77AB0EF}.Release|Any CPU.Build.0 = Release|Any CPU
		{05B2FE2A-EFEC-43FA-9473-6CE30EEC7F9C}.Debug|Any CPU.ActiveCfg = Debug|Any CPU
		{05B2FE2A-EFEC-43FA-9473-6CE30EEC7F9C}.Debug|Any CPU.Build.0 = Debug|Any CPU
		{05B2FE2A-EFEC-43FA-9473-6CE30EEC7F9C}.Release|Any CPU.ActiveCfg = Release|Any CPU
		{05B2FE2A-EFEC-43FA-9473-6CE30EEC7F9C}.Release|Any CPU.Build.0 = Release|Any CPU
		{1BC97D52-8085-4BA6-8A0E-C80920DF0756}.Debug|Any CPU.ActiveCfg = Debug|Any CPU
		{1BC97D52-8085-4BA6-8A0E-C80920DF0756}.Debug|Any CPU.Build.0 = Debug|Any CPU
		{1BC97D52-8085-4BA6-8A0E-C80920DF0756}.Release|Any CPU.ActiveCfg = Release|Any CPU
		{1BC97D52-8085-4BA6-8A0E-C80920DF0756}.Release|Any CPU.Build.0 = Release|Any CPU
		{0D1501A7-7793-43BC-93AA-3D3B80560EAF}.Debug|Any CPU.ActiveCfg = Debug|Any CPU
		{0D1501A7-7793-43BC-93AA-3D3B80560EAF}.Debug|Any CPU.Build.0 = Debug|Any CPU
		{0D1501A7-7793-43BC-93AA-3D3B80560EAF}.Release|Any CPU.ActiveCfg = Release|Any CPU
		{0D1501A7-7793-43BC-93AA-3D3B80560EAF}.Release|Any CPU.Build.0 = Release|Any CPU
		{2E93812F-6A97-467E-AF0D-E000EB7599E8}.Debug|Any CPU.ActiveCfg = Debug|Any CPU
		{2E93812F-6A97-467E-AF0D-E000EB7599E8}.Debug|Any CPU.Build.0 = Debug|Any CPU
		{2E93812F-6A97-467E-AF0D-E000EB7599E8}.Release|Any CPU.ActiveCfg = Release|Any CPU
		{2E93812F-6A97-467E-AF0D-E000EB7599E8}.Release|Any CPU.Build.0 = Release|Any CPU
		{FB648139-8B30-4EAD-8B24-6C426F6384C5}.Debug|Any CPU.ActiveCfg = Debug|Any CPU
		{FB648139-8B30-4EAD-8B24-6C426F6384C5}.Debug|Any CPU.Build.0 = Debug|Any CPU
		{FB648139-8B30-4EAD-8B24-6C426F6384C5}.Release|Any CPU.ActiveCfg = Release|Any CPU
		{FB648139-8B30-4EAD-8B24-6C426F6384C5}.Release|Any CPU.Build.0 = Release|Any CPU
		{69A33B78-5FBC-4143-A2CE-AB01550B03CE}.Debug|Any CPU.ActiveCfg = Debug|Any CPU
		{69A33B78-5FBC-4143-A2CE-AB01550B03CE}.Debug|Any CPU.Build.0 = Debug|Any CPU
		{69A33B78-5FBC-4143-A2CE-AB01550B03CE}.Release|Any CPU.ActiveCfg = Release|Any CPU
		{69A33B78-5FBC-4143-A2CE-AB01550B03CE}.Release|Any CPU.Build.0 = Release|Any CPU
		{93394F3E-613F-4EEA-8EAF-1FED180B7D56}.Debug|Any CPU.ActiveCfg = Debug|Any CPU
		{93394F3E-613F-4EEA-8EAF-1FED180B7D56}.Debug|Any CPU.Build.0 = Debug|Any CPU
		{93394F3E-613F-4EEA-8EAF-1FED180B7D56}.Release|Any CPU.ActiveCfg = Release|Any CPU
		{93394F3E-613F-4EEA-8EAF-1FED180B7D56}.Release|Any CPU.Build.0 = Release|Any CPU
	EndGlobalSection
	GlobalSection(SolutionProperties) = preSolution
		HideSolutionNode = FALSE
	EndGlobalSection
	GlobalSection(NestedProjects) = preSolution
		{56ABBFF1-449B-4926-9439-A3CAD77AB0EF} = {E1377C0B-80A2-4FAE-8591-DE4968AB0F82}
		{05B2FE2A-EFEC-43FA-9473-6CE30EEC7F9C} = {E1377C0B-80A2-4FAE-8591-DE4968AB0F82}
		{1BC97D52-8085-4BA6-8A0E-C80920DF0756} = {659CC3DB-B3CE-44D0-A523-2C39CB2B4F2A}
		{0D1501A7-7793-43BC-93AA-3D3B80560EAF} = {659CC3DB-B3CE-44D0-A523-2C39CB2B4F2A}
		{2E93812F-6A97-467E-AF0D-E000EB7599E8} = {659CC3DB-B3CE-44D0-A523-2C39CB2B4F2A}
		{FB648139-8B30-4EAD-8B24-6C426F6384C5} = {0D96B9E0-4F48-4FEE-A4C6-262D72E16FB1}
		{69A33B78-5FBC-4143-A2CE-AB01550B03CE} = {0D96B9E0-4F48-4FEE-A4C6-262D72E16FB1}
		{93394F3E-613F-4EEA-8EAF-1FED180B7D56} = {0D96B9E0-4F48-4FEE-A4C6-262D72E16FB1}
	EndGlobalSection
	GlobalSection(ExtensibilityGlobals) = postSolution
		SolutionGuid = {196327E5-303B-4718-898F-D01B2AEFEBDC}
	EndGlobalSection
EndGlobal
